schema: '2.0'
stages:
  load_data:
    cmd: python src/load_data.py --config=params.yaml
    deps:
    - path: data_given/winequality.csv
      md5: ccc8d3507eb151f53f760d36abdef888
      size: 91998
    - path: src/get_data.py
      md5: 47ff1a06bcf1bf761dc4ff7386f48e8c
      size: 716
    - path: src/load_data.py
      md5: 379791f2ad8e7b79de1e0dbc076e5642
      size: 688
    outs:
    - path: data/raw/winequality.csv
      md5: d98e8f2eca228c11c4de1cc96866a54d
      size: 93598
